
Microsoft Visual Studio Solution File, Format Version 12.00
# Visual Studio 15
VisualStudioVersion = 15.0.28307.106
MinimumVisualStudioVersion = 10.0.40219.1
Project("{FAE04EC0-301F-11D3-BF4B-00C04F79EFBC}") = "WebAPIforDemo", "WebAPIforDemo\WebAPIforDemo.csproj", "{96EFE182-7327-4B9E-B06C-5548A82195CE}"
EndProject
Global
	GlobalSection(SolutionConfigurationPlatforms) = preSolution
		Debug|Any CPU = Debug|Any CPU
		Release|Any CPU = Release|Any CPU
	EndGlobalSection
	GlobalSection(ProjectConfigurationPlatforms) = postSolution
		{96EFE182-7327-4B9E-B06C-5548A82195CE}.Debug|Any CPU.ActiveCfg = Debug|Any CPU
		{96EFE182-7327-4B9E-B06C-5548A82195CE}.Debug|Any CPU.Build.0 = Debug|Any CPU
		{96EFE182-7327-4B9E-B06C-5548A82195CE}.Release|Any CPU.ActiveCfg = Release|Any CPU
		{96EFE182-7327-4B9E-B06C-5548A82195CE}.Release|Any CPU.Build.0 = Release|Any CPU
	EndGlobalSection
	GlobalSection(SolutionProperties) = preSolution
		HideSolutionNode = FALSE
	EndGlobalSection
	GlobalSection(ExtensibilityGlobals) = postSolution
		SolutionGuid = {6657D1BC-2F1F-4A1E-8E2C-012E1D2082BB}
	EndGlobalSection
EndGlobal
